<?xml version="1.0" encoding="utf-8"?>
<Project ToolsVersion="4.0" xmlns="http://schemas.microsoft.com/developer/msbuild/2003">
  <ItemGroup>
    <Filter Include="Shader File">
      <UniqueIdentifier>{24f0b882-25f2-4b93-927b-58748213ae3a}</UniqueIdentifier>
    </Filter>
    <Filter Include="Shader File\FBX">
      <UniqueIdentifier>{3cad425a-1b8f-469e-b032-5897afe78ffd}</UniqueIdentifier>
    </Filter>
    <Filter Include="Shader File\Toon">
      <UniqueIdentifier>{849def26-6782-4675-9c6f-57ed1dfa5832}</UniqueIdentifier>
    </Filter>
    <Filter Include="Source File">
      <UniqueIdentifier>{4FC737F1-C7A5-4376-A066-2A32D752A2FF}</UniqueIdentifier>
      <Extensions>cpp;c;cc;cxx;c++;cppm;ixx;def;odl;idl;hpj;bat;asm;asmx</Extensions>
    </Filter>
    <Filter Include="Source File\Engine">
      <UniqueIdentifier>{cc86304c-f8fb-4e61-99f3-fed9348c53f6}</UniqueIdentifier>
    </Filter>
    <Filter Include="Source File\Engine\Base">
      <UniqueIdentifier>{79e040a5-2522-45e7-9426-b2ff8b0c4bb7}</UniqueIdentifier>
    </Filter>
    <Filter Include="Source File\Engine\Input">
      <UniqueIdentifier>{00471b23-bb1f-4f31-9feb-f87cd8a8c7c5}</UniqueIdentifier>
    </Filter>
    <Filter Include="Source File\Engine\Math">
      <UniqueIdentifier>{6052ccc9-3f77-4f3f-b541-f8eeb95b2979}</UniqueIdentifier>
    </Filter>
    <Filter Include="Source File\Engine\3D">
      <UniqueIdentifier>{b4f11c48-06da-4500-8cd2-6f8395662936}</UniqueIdentifier>
    </Filter>
    <Filter Include="Source File\Engine\3D\Object">
      <UniqueIdentifier>{a46e912c-8f28-4bce-9967-7fc3368fda40}</UniqueIdentifier>
    </Filter>
    <Filter Include="Source File\Engine\3D\Particle">
      <UniqueIdentifier>{47ea03fe-da0f-43ff-a556-d0f4ba3db1fd}</UniqueIdentifier>
    </Filter>
    <Filter Include="Source File\Engine\3D\Audio">
      <UniqueIdentifier>{4c2fc172-1501-4cd6-8c19-235cb00b9e38}</UniqueIdentifier>
    </Filter>
    <Filter Include="Source File\Engine\3D\Camera">
      <UniqueIdentifier>{b18850d5-0d78-4b2d-a647-b98e8c58d1bd}</UniqueIdentifier>
    </Filter>
    <Filter Include="Source File\Engine\3D\FBX">
      <UniqueIdentifier>{ac0b00d4-e452-4253-9877-7f6e0f96ea93}</UniqueIdentifier>
    </Filter>
    <Filter Include="Source File\Engine\2D">
      <UniqueIdentifier>{f2774ded-34ff-4376-9a68-652e8d593542}</UniqueIdentifier>
    </Filter>
    <Filter Include="Source File\Engine\2D\Sprite">
      <UniqueIdentifier>{2421db43-415a-474e-9dfa-b38287bacd54}</UniqueIdentifier>
    </Filter>
    <Filter Include="Source File\Engine\2D\PostEffect">
      <UniqueIdentifier>{d58e78a4-391a-46b6-a0d4-b46e87e49284}</UniqueIdentifier>
    </Filter>
    <Filter Include="Source File\Engine\Debug">
      <UniqueIdentifier>{78e9d6e2-0dd1-4fc0-81f9-371f692e9866}</UniqueIdentifier>
    </Filter>
    <Filter Include="Source File\Application">
      <UniqueIdentifier>{27262f8c-fca5-4a1e-a272-18015c67d4b5}</UniqueIdentifier>
    </Filter>
    <Filter Include="Source File\Application\MyGame">
      <UniqueIdentifier>{f1eff419-90de-4286-ab78-75bde1eb9c1a}</UniqueIdentifier>
    </Filter>
    <Filter Include="Source File\Application\Scene">
      <UniqueIdentifier>{20ce93d7-d4b9-4ec3-af8e-f8a28f42627c}</UniqueIdentifier>
    </Filter>
    <Filter Include="Source File\Application\Scene\Factory">
      <UniqueIdentifier>{e2b47729-5c59-4c96-86cb-0acaf7356271}</UniqueIdentifier>
    </Filter>
    <Filter Include="Header File">
      <UniqueIdentifier>{93995380-89BD-4b04-88EB-625FBE52EBFB}</UniqueIdentifier>
      <Extensions>h;hh;hpp;hxx;h++;hm;inl;inc;ipp;xsd</Extensions>
    </Filter>
    <Filter Include="Header File\Engine">
      <UniqueIdentifier>{05c1b417-318a-44c0-ab47-b1cb3182258a}</UniqueIdentifier>
    </Filter>
    <Filter Include="Header File\Engine\2D">
      <UniqueIdentifier>{eaeeaec6-a73c-450c-a3f8-ed6bda8c78fe}</UniqueIdentifier>
    </Filter>
    <Filter Include="Header File\Engine\2D\Sprite">
      <UniqueIdentifier>{01da2eee-dad8-4e6e-a701-8e30ee29ff2f}</UniqueIdentifier>
    </Filter>
    <Filter Include="Header File\Engine\3D">
      <UniqueIdentifier>{14a919c7-6b88-41fd-b50d-bf6ed0e41633}</UniqueIdentifier>
    </Filter>
    <Filter Include="Header File\Engine\3D\Audio">
      <UniqueIdentifier>{b7cf98e0-70c9-4971-828e-67c346b1c19f}</UniqueIdentifier>
    </Filter>
    <Filter Include="Header File\Engine\3D\Camera">
      <UniqueIdentifier>{54cfb7e3-5a9c-4fc1-8ac2-87d5f0a3740f}</UniqueIdentifier>
    </Filter>
    <Filter Include="Header File\Engine\3D\Object">
      <UniqueIdentifier>{81110383-fdc2-4fa7-b2d4-7acbfdcad502}</UniqueIdentifier>
    </Filter>
    <Filter Include="Header File\Engine\3D\Particle">
      <UniqueIdentifier>{97b429af-153d-4558-b1b7-05b86a690587}</UniqueIdentifier>
    </Filter>
    <Filter Include="Header File\Engine\3D\FBX">
      <UniqueIdentifier>{b3793c53-287b-4b1f-9ba7-f3bc11c9caa6}</UniqueIdentifier>
    </Filter>
    <Filter Include="Header File\Engine\3D\Light">
      <UniqueIdentifier>{c78cf77f-eb2d-4f42-873a-024885ce302b}</UniqueIdentifier>
    </Filter>
    <Filter Include="Header File\Engine\Base">
      <UniqueIdentifier>{dd9b7173-9ee8-4a2a-854f-1dd5177dbc4b}</UniqueIdentifier>
    </Filter>
    <Filter Include="Header File\Engine\Input">
      <UniqueIdentifier>{3dfdd574-de2e-47c8-b114-db1b88dd6cf9}</UniqueIdentifier>
    </Filter>
    <Filter Include="Header File\Engine\Math">
      <UniqueIdentifier>{393d4d1b-d4a1-4d39-ab28-90ab178f417a}</UniqueIdentifier>
    </Filter>
    <Filter Include="Header File\Engine\Debug">
      <UniqueIdentifier>{fdbcca7e-08d0-478e-a497-340a58cefd0a}</UniqueIdentifier>
    </Filter>
    <Filter Include="Header File\Application">
      <UniqueIdentifier>{88775aed-b594-4db1-8006-15e71f1a0276}</UniqueIdentifier>
    </Filter>
    <Filter Include="Header File\Application\MyGame">
      <UniqueIdentifier>{4d63fb01-9867-407d-a9da-1ce2aaa0c6e5}</UniqueIdentifier>
    </Filter>
    <Filter Include="Header File\Application\Scene">
      <UniqueIdentifier>{698a67bf-15ca-436a-bc60-a4bb14c9232d}</UniqueIdentifier>
    </Filter>
    <Filter Include="Header File\Application\Scene\Factory">
      <UniqueIdentifier>{54abcc95-b37b-41d3-b244-27a85305fd22}</UniqueIdentifier>
    </Filter>
    <Filter Include="Resource File">
      <UniqueIdentifier>{67DA6AB6-F800-4c08-8B7A-83BB121AAD01}</UniqueIdentifier>
      <Extensions>rc;ico;cur;bmp;dlg;rc2;rct;bin;rgs;gif;jpg;jpeg;jpe;resx;tiff;tif;png;wav;mfcribbon-ms</Extensions>
    </Filter>
    <Filter Include="Header File\Engine\2D\PostEffect">
      <UniqueIdentifier>{be1d2d58-4698-434a-b22c-ad9db1f4a85c}</UniqueIdentifier>
    </Filter>
    <Filter Include="Shader File\Sprite">
      <UniqueIdentifier>{6d27c446-0827-4366-97d6-fe62470ab58c}</UniqueIdentifier>
    </Filter>
    <Filter Include="Shader File\Particle">
      <UniqueIdentifier>{6246361f-35d3-4cd4-ae65-015e0bd12738}</UniqueIdentifier>
    </Filter>
    <Filter Include="Shader File\PostEffect">
      <UniqueIdentifier>{def67072-c1ae-4ba4-afe9-4eebe39ae972}</UniqueIdentifier>
    </Filter>
    <Filter Include="Shader File\PostEffect\Test">
      <UniqueIdentifier>{5c68dfca-52a2-49e5-9dd1-e49e70ddb044}</UniqueIdentifier>
    </Filter>
    <Filter Include="Shader File\PostEffect\Cold">
      <UniqueIdentifier>{60f7b92d-132e-414e-8181-595c2f3886a9}</UniqueIdentifier>
    </Filter>
    <Filter Include="Shader File\PostEffect\Sepia">
      <UniqueIdentifier>{0ba9181a-c278-4583-86c3-b20cb110fb19}</UniqueIdentifier>
    </Filter>
    <Filter Include="Shader File\PostEffect\NegaPozi">
      <UniqueIdentifier>{389e8e00-97fd-43cc-a208-70e11cc5e737}</UniqueIdentifier>
    </Filter>
    <Filter Include="Shader File\PostEffect\GaussianBlur">
      <UniqueIdentifier>{d3c1efe1-235c-4238-826a-8ae5a84fd518}</UniqueIdentifier>
    </Filter>
    <Filter Include="Shader File\PostEffect\GrayScale">
      <UniqueIdentifier>{3b9a2acb-c81f-424c-b0eb-597bf02823b8}</UniqueIdentifier>
    </Filter>
    <Filter Include="Shader File\PostEffect\Mosaic">
      <UniqueIdentifier>{e41a2942-1d68-4dac-8d1e-353b365b929b}</UniqueIdentifier>
    </Filter>
    <Filter Include="Shader File\PostEffect\UVShift">
      <UniqueIdentifier>{dd9eb7d1-1f28-4364-8f19-1a266adfd66c}</UniqueIdentifier>
    </Filter>
    <Filter Include="Shader File\PostEffect\UVShiftBlur">
      <UniqueIdentifier>{8a449abb-d6da-4b07-a415-7c8b7c9a8b89}</UniqueIdentifier>
    </Filter>
    <Filter Include="Shader File\PostEffect\Bloom">
      <UniqueIdentifier>{a616b4a7-456b-4f48-a895-755f3d27d1af}</UniqueIdentifier>
    </Filter>
    <Filter Include="Shader File\PostEffect\CrossFilter">
      <UniqueIdentifier>{cd075a86-342b-4ee7-a5ba-bb2fd283c247}</UniqueIdentifier>
    </Filter>
    <Filter Include="Shader File\PostEffect\None">
      <UniqueIdentifier>{6a3193d3-530c-49d4-a5ee-243288bce00c}</UniqueIdentifier>
    </Filter>
    <Filter Include="Header File\Engine\json">
      <UniqueIdentifier>{b2693328-4506-49fb-8039-8590696871e9}</UniqueIdentifier>
    </Filter>
    <Filter Include="Source File\Engine\json">
      <UniqueIdentifier>{5a70d4cc-1708-48e7-84db-b844d4c6a537}</UniqueIdentifier>
    </Filter>
    <Filter Include="Source File\Engine\3D\Collider">
      <UniqueIdentifier>{f96b9866-dfdd-4272-9bff-48e3697bc12b}</UniqueIdentifier>
    </Filter>
    <Filter Include="Header File\Engine\3D\Collider">
      <UniqueIdentifier>{19dbb340-4aca-42b5-b879-2f8f82c6a146}</UniqueIdentifier>
    </Filter>
    <Filter Include="Source File\Engine\3D\Light">
      <UniqueIdentifier>{54670238-1e42-4114-bd78-9be17ce69585}</UniqueIdentifier>
    </Filter>
    <Filter Include="Header File\Application\MyGame\Item">
      <UniqueIdentifier>{29be73ed-b734-4c89-a8d4-ccd9c94612f3}</UniqueIdentifier>
    </Filter>
    <Filter Include="Source File\Application\MyGame\Item">
      <UniqueIdentifier>{351f495c-f53f-48c4-91ee-deed59fd40aa}</UniqueIdentifier>
    </Filter>
    <Filter Include="Header File\Application\MyGame\Enemy">
      <UniqueIdentifier>{63999e66-4334-4e28-a4a8-db01e90c8d31}</UniqueIdentifier>
    </Filter>
    <Filter Include="Source File\Application\MyGame\Enemy">
      <UniqueIdentifier>{73b127bd-98c7-4215-bb9a-e8b354de5615}</UniqueIdentifier>
    </Filter>
    <Filter Include="Source File\Application\MyGame\Enemy\Factory">
      <UniqueIdentifier>{4c3ff551-f8a3-41b1-be34-ec7277a238ea}</UniqueIdentifier>
    </Filter>
    <Filter Include="Header File\Application\MyGame\Enemy\Factory">
      <UniqueIdentifier>{7376208c-2a36-41ba-a660-fde93696e12e}</UniqueIdentifier>
    </Filter>
    <Filter Include="Header File\Application\MyGame\Gimmick">
      <UniqueIdentifier>{80c773cf-30d1-43b7-a826-f5761a61a676}</UniqueIdentifier>
    </Filter>
    <Filter Include="Source File\Application\MyGame\Gimmick">
      <UniqueIdentifier>{dc569295-2a6e-4e4f-b415-801eb4088eb7}</UniqueIdentifier>
    </Filter>
    <Filter Include="Header File\Application\MyGame\Gimmick\Factory">
      <UniqueIdentifier>{c3656898-4708-44ba-b26e-15a0f249ac81}</UniqueIdentifier>
    </Filter>
    <Filter Include="Source File\Application\MyGame\Gimmick\Factory">
      <UniqueIdentifier>{4fc7bdaf-f5c4-494f-a521-52af85bde20c}</UniqueIdentifier>
    </Filter>
  </ItemGroup>
  <ItemGroup>
    <None Include="..\..\CG2\ウィンドゥ表示\Resources\shader\Basic.hlsli">
      <Filter>Shader File</Filter>
    </None>
    <None Include="Resources\shader\OBJ.hlsli">
      <Filter>Shader File</Filter>
    </None>
    <None Include="Resources\shader\FBX\FBX.hlsli">
      <Filter>Shader File\FBX</Filter>
    </None>
    <None Include="Resources\shader\Toon\Toon.hlsli">
      <Filter>Shader File\Toon</Filter>
    </None>
    <None Include="Resources\shader\Sprite\Sprite.hlsli">
      <Filter>Shader File\Sprite</Filter>
    </None>
    <None Include="Resources\shader\Particle\Particle.hlsli">
      <Filter>Shader File\Particle</Filter>
    </None>
    <None Include="Resources\shader\PostEffect\Test\Test.hlsli">
      <Filter>Shader File\PostEffect\Test</Filter>
    </None>
    <None Include="Resources\shader\PostEffect\Cold\Cold.hlsli">
      <Filter>Shader File\PostEffect\Cold</Filter>
    </None>
    <None Include="Resources\shader\PostEffect\Sepia\Sepia.hlsli">
      <Filter>Shader File\PostEffect\Sepia</Filter>
    </None>
    <None Include="Resources\shader\PostEffect\NegaPozi\NegaPozi.hlsli">
      <Filter>Shader File\PostEffect\NegaPozi</Filter>
    </None>
    <None Include="Resources\shader\PostEffect\GrayScale\GrayScale.hlsli">
      <Filter>Shader File\PostEffect\GrayScale</Filter>
    </None>
    <None Include="Resources\shader\PostEffect\GaussianBlur\GaussianBlur.hlsli">
      <Filter>Shader File\PostEffect\GaussianBlur</Filter>
    </None>
    <None Include="Resources\shader\PostEffect\Mosaic\Mosaic.hlsli">
      <Filter>Shader File\PostEffect\Mosaic</Filter>
    </None>
    <None Include="Resources\shader\PostEffect\UVShift\UVShift.hlsli">
      <Filter>Shader File\PostEffect\UVShift</Filter>
    </None>
    <None Include="Resources\shader\PostEffect\UVShiftBlur\UVShiftBlur.hlsli">
      <Filter>Shader File\PostEffect\UVShiftBlur</Filter>
    </None>
    <None Include="Resources\shader\PostEffect\Bloom\Bloom.hlsli">
      <Filter>Shader File\PostEffect\Bloom</Filter>
    </None>
    <None Include="Resources\shader\PostEffect\CrossFilter\CrossFilter.hlsli">
      <Filter>Shader File\PostEffect\CrossFilter</Filter>
    </None>
    <None Include="Resources\shader\PostEffect\None\None.hlsli">
      <Filter>Shader File\PostEffect\None</Filter>
    </None>
  </ItemGroup>
  <ItemGroup>
    <FxCompile Include="..\..\CG2\ウィンドゥ表示\Resources\shader\BasicPS.hlsl">
      <Filter>Shader File</Filter>
    </FxCompile>
    <FxCompile Include="..\..\CG2\ウィンドゥ表示\Resources\shader\BasicVS.hlsl">
      <Filter>Shader File</Filter>
    </FxCompile>
    <FxCompile Include="Resources\shader\OBJPS.hlsl">
      <Filter>Shader File</Filter>
    </FxCompile>
    <FxCompile Include="Resources\shader\OBJVS.hlsl">
      <Filter>Shader File</Filter>
    </FxCompile>
    <FxCompile Include="Resources\shader\FBX\FBXVS.hlsl">
      <Filter>Shader File\FBX</Filter>
    </FxCompile>
    <FxCompile Include="Resources\shader\FBX\FBXPS.hlsl">
      <Filter>Shader File\FBX</Filter>
    </FxCompile>
    <FxCompile Include="Resources\shader\Toon\ToonVS.hlsl">
      <Filter>Shader File\Toon</Filter>
    </FxCompile>
    <FxCompile Include="Resources\shader\Toon\ToonPS.hlsl">
      <Filter>Shader File\Toon</Filter>
    </FxCompile>
    <FxCompile Include="Resources\shader\Sprite\SpritePS.hlsl">
      <Filter>Shader File\Sprite</Filter>
    </FxCompile>
    <FxCompile Include="Resources\shader\Sprite\SpriteVS.hlsl">
      <Filter>Shader File\Sprite</Filter>
    </FxCompile>
    <FxCompile Include="Resources\shader\Particle\ParticleGS.hlsl">
      <Filter>Shader File\Particle</Filter>
    </FxCompile>
    <FxCompile Include="Resources\shader\Particle\ParticlePS.hlsl">
      <Filter>Shader File\Particle</Filter>
    </FxCompile>
    <FxCompile Include="Resources\shader\Particle\ParticleVS.hlsl">
      <Filter>Shader File\Particle</Filter>
    </FxCompile>
    <FxCompile Include="Resources\shader\PostEffect\Test\TestPS.hlsl">
      <Filter>Shader File\PostEffect\Test</Filter>
    </FxCompile>
    <FxCompile Include="Resources\shader\PostEffect\Test\TestVS.hlsl">
      <Filter>Shader File\PostEffect\Test</Filter>
    </FxCompile>
    <FxCompile Include="Resources\shader\PostEffect\Cold\ColdPS.hlsl">
      <Filter>Shader File\PostEffect\Cold</Filter>
    </FxCompile>
    <FxCompile Include="Resources\shader\PostEffect\Cold\ColdVS.hlsl">
      <Filter>Shader File\PostEffect\Cold</Filter>
    </FxCompile>
    <FxCompile Include="Resources\shader\PostEffect\Sepia\SepiaPS.hlsl">
      <Filter>Shader File\PostEffect\Sepia</Filter>
    </FxCompile>
    <FxCompile Include="Resources\shader\PostEffect\Sepia\SepiaVS.hlsl">
      <Filter>Shader File\PostEffect\Sepia</Filter>
    </FxCompile>
    <FxCompile Include="Resources\shader\PostEffect\NegaPozi\NegaPoziPS.hlsl">
      <Filter>Shader File\PostEffect\NegaPozi</Filter>
    </FxCompile>
    <FxCompile Include="Resources\shader\PostEffect\NegaPozi\NegaPoziVS.hlsl">
      <Filter>Shader File\PostEffect\NegaPozi</Filter>
    </FxCompile>
    <FxCompile Include="Resources\shader\PostEffect\GrayScale\GrayScalePS.hlsl">
      <Filter>Shader File\PostEffect\GrayScale</Filter>
    </FxCompile>
    <FxCompile Include="Resources\shader\PostEffect\GrayScale\GrayScaleVS.hlsl">
      <Filter>Shader File\PostEffect\GrayScale</Filter>
    </FxCompile>
    <FxCompile Include="Resources\shader\PostEffect\GaussianBlur\GaussianBlurPS.hlsl">
      <Filter>Shader File\PostEffect\GaussianBlur</Filter>
    </FxCompile>
    <FxCompile Include="Resources\shader\PostEffect\GaussianBlur\GaussianBlurVS.hlsl">
      <Filter>Shader File\PostEffect\GaussianBlur</Filter>
    </FxCompile>
    <FxCompile Include="Resources\shader\PostEffect\Mosaic\MosaicPS.hlsl">
      <Filter>Shader File\PostEffect\Mosaic</Filter>
    </FxCompile>
    <FxCompile Include="Resources\shader\PostEffect\Mosaic\MosaicVS.hlsl">
      <Filter>Shader File\PostEffect\Mosaic</Filter>
    </FxCompile>
    <FxCompile Include="Resources\shader\PostEffect\UVShift\UVShiftPS.hlsl">
      <Filter>Shader File\PostEffect\UVShift</Filter>
    </FxCompile>
    <FxCompile Include="Resources\shader\PostEffect\UVShift\UVShiftVS.hlsl">
      <Filter>Shader File\PostEffect\UVShift</Filter>
    </FxCompile>
    <FxCompile Include="Resources\shader\PostEffect\UVShiftBlur\UVShiftBlurPS.hlsl">
      <Filter>Shader File\PostEffect\UVShiftBlur</Filter>
    </FxCompile>
    <FxCompile Include="Resources\shader\PostEffect\UVShiftBlur\UVShiftBlurVS.hlsl">
      <Filter>Shader File\PostEffect\UVShiftBlur</Filter>
    </FxCompile>
    <FxCompile Include="Resources\shader\PostEffect\Bloom\BloomPS.hlsl">
      <Filter>Shader File\PostEffect\Bloom</Filter>
    </FxCompile>
    <FxCompile Include="Resources\shader\PostEffect\Bloom\BloomVS.hlsl">
      <Filter>Shader File\PostEffect\Bloom</Filter>
    </FxCompile>
    <FxCompile Include="Resources\shader\PostEffect\CrossFilter\CrossFilterPS.hlsl">
      <Filter>Shader File\PostEffect\CrossFilter</Filter>
    </FxCompile>
    <FxCompile Include="Resources\shader\PostEffect\CrossFilter\CrossFilterVS.hlsl">
      <Filter>Shader File\PostEffect\CrossFilter</Filter>
    </FxCompile>
    <FxCompile Include="Resources\shader\PostEffect\None\NoneVS.hlsl">
      <Filter>Shader File\PostEffect\None</Filter>
    </FxCompile>
    <FxCompile Include="Resources\shader\PostEffect\None\NonePS.hlsl">
      <Filter>Shader File\PostEffect\None</Filter>
    </FxCompile>
  </ItemGroup>
  <ItemGroup>
    <ClCompile Include="DirectXGame\Application\MyGame\MyGame.cpp">
      <Filter>Source File\Application\MyGame</Filter>
    </ClCompile>
    <ClCompile Include="DirectXGame\Application\MyGame\Player.cpp">
      <Filter>Source File\Application\MyGame</Filter>
    </ClCompile>
    <ClCompile Include="DirectXGame\Application\MyGame\PlayerBullet.cpp">
      <Filter>Source File\Application\MyGame</Filter>
    </ClCompile>
    <ClCompile Include="DirectXGame\Engine\2D\Sprite\SpriteCommon.cpp">
      <Filter>Source File\Engine\2D\Sprite</Filter>
    </ClCompile>
    <ClCompile Include="DirectXGame\Engine\2D\Sprite\Sprite.cpp">
      <Filter>Source File\Engine\2D\Sprite</Filter>
    </ClCompile>
    <ClCompile Include="DirectXGame\Engine\3D\Audio\Audio.cpp">
      <Filter>Source File\Engine\3D\Audio</Filter>
    </ClCompile>
    <ClCompile Include="DirectXGame\Engine\3D\Camera\Camera.cpp">
      <Filter>Source File\Engine\3D\Camera</Filter>
    </ClCompile>
    <ClCompile Include="DirectXGame\Engine\3D\Object\Model.cpp">
      <Filter>Source File\Engine\3D\Object</Filter>
    </ClCompile>
    <ClCompile Include="DirectXGame\Engine\3D\Object\Object3d.cpp">
      <Filter>Source File\Engine\3D\Object</Filter>
    </ClCompile>
    <ClCompile Include="DirectXGame\Engine\3D\Particle\Particle.cpp">
      <Filter>Source File\Engine\3D\Particle</Filter>
    </ClCompile>
    <ClCompile Include="DirectXGame\Engine\3D\Particle\ParticleManager.cpp">
      <Filter>Source File\Engine\3D\Particle</Filter>
    </ClCompile>
    <ClCompile Include="DirectXGame\Engine\Base\DirectXCommon.cpp">
      <Filter>Source File\Engine\Base</Filter>
    </ClCompile>
    <ClCompile Include="DirectXGame\Engine\Base\Framework.cpp">
      <Filter>Source File\Engine\Base</Filter>
    </ClCompile>
    <ClCompile Include="DirectXGame\Engine\Base\WinApp.cpp">
      <Filter>Source File\Engine\Base</Filter>
    </ClCompile>
    <ClCompile Include="DirectXGame\Engine\Debug\ImGuiManager.cpp">
      <Filter>Source File\Engine\Debug</Filter>
    </ClCompile>
    <ClCompile Include="DirectXGame\Engine\Input\Input.cpp">
      <Filter>Source File\Engine\Input</Filter>
    </ClCompile>
    <ClCompile Include="DirectXGame\Engine\Math\Vector2.cpp">
      <Filter>Source File\Engine\Math</Filter>
    </ClCompile>
    <ClCompile Include="DirectXGame\Engine\Math\Vector3.cpp">
      <Filter>Source File\Engine\Math</Filter>
    </ClCompile>
    <ClCompile Include="DirectXGame\Engine\Math\Matrix4.cpp">
      <Filter>Source File\Engine\Math</Filter>
    </ClCompile>
    <ClCompile Include="DirectXGame\Engine\Math\MyMath.cpp">
      <Filter>Source File\Engine\Math</Filter>
    </ClCompile>
    <ClCompile Include="DirectXGame\main.cpp">
      <Filter>Source File</Filter>
    </ClCompile>
    <ClCompile Include="DirectXGame\Application\Scene\GamePlayScene.cpp">
      <Filter>Source File\Application\Scene</Filter>
    </ClCompile>
    <ClCompile Include="DirectXGame\Application\Scene\TitleScene.cpp">
      <Filter>Source File\Application\Scene</Filter>
    </ClCompile>
    <ClCompile Include="DirectXGame\Application\Scene\BaseScene.cpp">
      <Filter>Source File\Application\Scene</Filter>
    </ClCompile>
    <ClCompile Include="DirectXGame\Application\Scene\SceneManager.cpp">
      <Filter>Source File\Application\Scene</Filter>
    </ClCompile>
    <ClCompile Include="DirectXGame\Application\Scene\Factory\SceneFactory.cpp">
      <Filter>Source File\Application\Scene\Factory</Filter>
    </ClCompile>
    <ClCompile Include="DirectXGame\Engine\Math\Quaternion.cpp">
      <Filter>Source File\Engine\Math</Filter>
    </ClCompile>
    <ClCompile Include="DirectXGame\Engine\3D\FBX\FbxLoader.cpp">
      <Filter>Source File\Engine\3D\FBX</Filter>
    </ClCompile>
    <ClCompile Include="DirectXGame\Engine\3D\FBX\ModelFbx.cpp">
      <Filter>Source File\Engine\3D\FBX</Filter>
    </ClCompile>
    <ClCompile Include="DirectXGame\Engine\3D\FBX\ObjectFbx.cpp">
      <Filter>Source File\Engine\3D\FBX</Filter>
    </ClCompile>
    <ClCompile Include="DirectXGame\Engine\3D\Object\Mesh.cpp">
      <Filter>Source File\Engine\3D\Object</Filter>
    </ClCompile>
    <ClCompile Include="DirectXGame\Engine\3D\Object\Material.cpp">
      <Filter>Source File\Engine\3D\Object</Filter>
    </ClCompile>
    <ClCompile Include="DirectXGame\Engine\3D\Light\DirectionalLight.cpp">
      <Filter>Source File\Engine\3D\Light</Filter>
    </ClCompile>
    <ClCompile Include="DirectXGame\Engine\2D\PostEffect\PostEffect.cpp">
      <Filter>Source File\Engine\2D\PostEffect</Filter>
    </ClCompile>
    <ClCompile Include="DirectXGame\Engine\json\LevelLoaderJson.cpp">
      <Filter>Source File\Engine\json</Filter>
    </ClCompile>
    <ClCompile Include="DirectXGame\Application\MyGame\Goal.cpp">
      <Filter>Source File\Application\MyGame</Filter>
    </ClCompile>
    <ClCompile Include="DirectXGame\Engine\3D\Light\LightGroup.cpp">
      <Filter>Source File\Engine\3D\Light</Filter>
    </ClCompile>
    <ClCompile Include="DirectXGame\Engine\3D\Collider\Collision.cpp">
      <Filter>Source File\Engine\3D\Collider</Filter>
    </ClCompile>
    <ClCompile Include="DirectXGame\Engine\3D\Collider\CollisionManager.cpp">
      <Filter>Source File\Engine\3D\Collider</Filter>
    </ClCompile>
    <ClCompile Include="DirectXGame\Engine\3D\Collider\CollisionPrimitive.cpp">
      <Filter>Source File\Engine\3D\Collider</Filter>
    </ClCompile>
    <ClCompile Include="DirectXGame\Engine\3D\Collider\SphereCollider.cpp">
      <Filter>Source File\Engine\3D\Collider</Filter>
    </ClCompile>
    <ClCompile Include="DirectXGame\Engine\3D\Collider\MeshCollider.cpp">
      <Filter>Source File\Engine\3D\Collider</Filter>
    </ClCompile>
    <ClCompile Include="DirectXGame\Engine\3D\Object\TouchableObject.cpp">
      <Filter>Source File\Engine\3D\Object</Filter>
    </ClCompile>
    <ClCompile Include="DirectXGame\Engine\3D\Collider\QueryCallback.cpp">
      <Filter>Source File\Engine\3D\Collider</Filter>
    </ClCompile>
    <ClCompile Include="DirectXGame\Engine\Math\Easing.cpp">
      <Filter>Source File\Engine\Math</Filter>
    </ClCompile>
    <ClCompile Include="DirectXGame\Application\MyGame\Item\Item.cpp">
      <Filter>Source File\Application\MyGame\Item</Filter>
    </ClCompile>
    <ClCompile Include="DirectXGame\Application\MyGame\Item\ItemHeal.cpp">
      <Filter>Source File\Application\MyGame\Item</Filter>
    </ClCompile>
    <ClCompile Include="DirectXGame\Application\MyGame\Item\ItemAttack.cpp">
      <Filter>Source File\Application\MyGame\Item</Filter>
    </ClCompile>
    <ClCompile Include="DirectXGame\Application\MyGame\Enemy\EnemyBoss.cpp">
      <Filter>Source File\Application\MyGame\Enemy</Filter>
    </ClCompile>
    <ClCompile Include="DirectXGame\Application\MyGame\Enemy\EnemyBullet.cpp">
      <Filter>Source File\Application\MyGame\Enemy</Filter>
    </ClCompile>
    <ClCompile Include="DirectXGame\Application\MyGame\Enemy\Enemy1.cpp">
      <Filter>Source File\Application\MyGame\Enemy</Filter>
    </ClCompile>
    <ClCompile Include="DirectXGame\Application\Scene\StageClearScene.cpp">
      <Filter>Source File\Application\Scene</Filter>
    </ClCompile>
    <ClCompile Include="DirectXGame\Application\MyGame\Enemy\Factory\EnemyFactory.cpp">
      <Filter>Source File\Application\MyGame\Enemy\Factory</Filter>
    </ClCompile>
    <ClCompile Include="DirectXGame\Application\MyGame\Enemy\Enemy2.cpp">
      <Filter>Source File\Application\MyGame\Enemy</Filter>
    </ClCompile>
    <ClCompile Include="DirectXGame\Application\MyGame\Enemy\EnemyCore.cpp">
      <Filter>Source File\Application\MyGame\Enemy</Filter>
    </ClCompile>
    <ClCompile Include="DirectXGame\Application\MyGame\Gimmick\Spike.cpp">
      <Filter>Source File\Application\MyGame\Gimmick</Filter>
    </ClCompile>
    <ClCompile Include="DirectXGame\Application\MyGame\Gimmick\Factory\GimmickFactory.cpp">
      <Filter>Source File\Application\MyGame\Gimmick\Factory</Filter>
    </ClCompile>
  </ItemGroup>
  <ItemGroup>
    <ClInclude Include="DirectXGame\Application\MyGame\Player.h">
      <Filter>Header File\Application\MyGame</Filter>
    </ClInclude>
    <ClInclude Include="DirectXGame\Application\MyGame\PlayerBullet.h">
      <Filter>Header File\Application\MyGame</Filter>
    </ClInclude>
    <ClInclude Include="DirectXGame\Application\MyGame\MyGame.h">
      <Filter>Header File\Application\MyGame</Filter>
    </ClInclude>
    <ClInclude Include="DirectXGame\Engine\2D\Sprite\Sprite.h">
      <Filter>Header File\Engine\2D\Sprite</Filter>
    </ClInclude>
    <ClInclude Include="DirectXGame\Engine\2D\Sprite\SpriteCommon.h">
      <Filter>Header File\Engine\2D\Sprite</Filter>
    </ClInclude>
    <ClInclude Include="DirectXGame\Engine\3D\Audio\Audio.h">
      <Filter>Header File\Engine\3D\Audio</Filter>
    </ClInclude>
    <ClInclude Include="DirectXGame\Engine\3D\Camera\Camera.h">
      <Filter>Header File\Engine\3D\Camera</Filter>
    </ClInclude>
    <ClInclude Include="DirectXGame\Engine\3D\Object\Model.h">
      <Filter>Header File\Engine\3D\Object</Filter>
    </ClInclude>
    <ClInclude Include="DirectXGame\Engine\3D\Object\Object3d.h">
      <Filter>Header File\Engine\3D\Object</Filter>
    </ClInclude>
    <ClInclude Include="DirectXGame\Engine\3D\Particle\Particle.h">
      <Filter>Header File\Engine\3D\Particle</Filter>
    </ClInclude>
    <ClInclude Include="DirectXGame\Engine\3D\Particle\ParticleManager.h">
      <Filter>Header File\Engine\3D\Particle</Filter>
    </ClInclude>
    <ClInclude Include="DirectXGame\Engine\Base\Framework.h">
      <Filter>Header File\Engine\Base</Filter>
    </ClInclude>
    <ClInclude Include="DirectXGame\Engine\Base\WinApp.h">
      <Filter>Header File\Engine\Base</Filter>
    </ClInclude>
    <ClInclude Include="DirectXGame\Engine\Base\DirectXCommon.h">
      <Filter>Header File\Engine\Base</Filter>
    </ClInclude>
    <ClInclude Include="DirectXGame\Engine\Debug\ImGuiManager.h">
      <Filter>Header File\Engine\Debug</Filter>
    </ClInclude>
    <ClInclude Include="DirectXGame\Engine\Input\Input.h">
      <Filter>Header File\Engine\Input</Filter>
    </ClInclude>
    <ClInclude Include="DirectXGame\Engine\Math\Vector2.h">
      <Filter>Header File\Engine\Math</Filter>
    </ClInclude>
    <ClInclude Include="DirectXGame\Engine\Math\Vector3.h">
      <Filter>Header File\Engine\Math</Filter>
    </ClInclude>
    <ClInclude Include="DirectXGame\Engine\Math\Matrix4.h">
      <Filter>Header File\Engine\Math</Filter>
    </ClInclude>
    <ClInclude Include="DirectXGame\Engine\Math\MyMath.h">
      <Filter>Header File\Engine\Math</Filter>
    </ClInclude>
    <ClInclude Include="DirectXGame\Application\Scene\GamePlayScene.h">
      <Filter>Header File\Application\Scene</Filter>
    </ClInclude>
    <ClInclude Include="DirectXGame\Application\Scene\TitleScene.h">
      <Filter>Header File\Application\Scene</Filter>
    </ClInclude>
    <ClInclude Include="DirectXGame\Application\Scene\BaseScene.h">
      <Filter>Header File\Application\Scene</Filter>
    </ClInclude>
    <ClInclude Include="DirectXGame\Application\Scene\SceneManager.h">
      <Filter>Header File\Application\Scene</Filter>
    </ClInclude>
    <ClInclude Include="DirectXGame\Application\Scene\Factory\AbstractSceneFactory.h">
      <Filter>Header File\Application\Scene\Factory</Filter>
    </ClInclude>
    <ClInclude Include="DirectXGame\Application\Scene\Factory\SceneFactory.h">
      <Filter>Header File\Application\Scene\Factory</Filter>
    </ClInclude>
    <ClInclude Include="DirectXGame\Engine\Math\Quaternion.h">
      <Filter>Header File\Engine\Math</Filter>
    </ClInclude>
    <ClInclude Include="DirectXGame\Engine\3D\FBX\FbxLoader.h">
      <Filter>Header File\Engine\3D\FBX</Filter>
    </ClInclude>
    <ClInclude Include="DirectXGame\Engine\3D\FBX\ModelFbx.h">
      <Filter>Header File\Engine\3D\FBX</Filter>
    </ClInclude>
    <ClInclude Include="DirectXGame\Engine\3D\FBX\ObjectFbx.h">
      <Filter>Header File\Engine\3D\FBX</Filter>
    </ClInclude>
    <ClInclude Include="DirectXGame\Engine\3D\Object\Mesh.h">
      <Filter>Header File\Engine\3D\Object</Filter>
    </ClInclude>
    <ClInclude Include="DirectXGame\Engine\3D\Object\Material.h">
      <Filter>Header File\Engine\3D\Object</Filter>
    </ClInclude>
    <ClInclude Include="DirectXGame\Engine\3D\Light\DirectionalLight.h">
      <Filter>Header File\Engine\3D\Light</Filter>
    </ClInclude>
    <ClInclude Include="DirectXGame\Engine\2D\PostEffect\PostEffect.h">
      <Filter>Header File\Engine\2D\PostEffect</Filter>
    </ClInclude>
    <ClInclude Include="DirectXGame\Engine\json\LevelLoaderJson.h">
      <Filter>Header File\Engine\json</Filter>
    </ClInclude>
    <ClInclude Include="DirectXGame\Application\MyGame\Goal.h">
      <Filter>Header File\Application\MyGame</Filter>
    </ClInclude>
    <ClInclude Include="DirectXGame\Engine\3D\Light\LightGroup.h">
      <Filter>Header File\Engine\3D\Light</Filter>
    </ClInclude>
    <ClInclude Include="DirectXGame\Engine\3D\Light\PointLight.h">
      <Filter>Header File\Engine\3D\Light</Filter>
    </ClInclude>
    <ClInclude Include="DirectXGame\Engine\3D\Collider\BaseCollider.h">
      <Filter>Header File\Engine\3D\Collider</Filter>
    </ClInclude>
    <ClInclude Include="DirectXGame\Engine\3D\Collider\Collision.h">
      <Filter>Header File\Engine\3D\Collider</Filter>
    </ClInclude>
    <ClInclude Include="DirectXGame\Engine\3D\Collider\CollisionInfo.h">
      <Filter>Header File\Engine\3D\Collider</Filter>
    </ClInclude>
    <ClInclude Include="DirectXGame\Engine\3D\Collider\CollisionManager.h">
      <Filter>Header File\Engine\3D\Collider</Filter>
    </ClInclude>
    <ClInclude Include="DirectXGame\Engine\3D\Collider\CollisionPrimitive.h">
      <Filter>Header File\Engine\3D\Collider</Filter>
    </ClInclude>
    <ClInclude Include="DirectXGame\Engine\3D\Collider\CollisionTypes.h">
      <Filter>Header File\Engine\3D\Collider</Filter>
    </ClInclude>
    <ClInclude Include="DirectXGame\Engine\3D\Collider\SphereCollider.h">
      <Filter>Header File\Engine\3D\Collider</Filter>
    </ClInclude>
    <ClInclude Include="DirectXGame\Engine\3D\Collider\RayCastHit.h">
      <Filter>Header File\Engine\3D\Collider</Filter>
    </ClInclude>
    <ClInclude Include="DirectXGame\Engine\3D\Collider\MeshCollider.h">
      <Filter>Header File\Engine\3D\Collider</Filter>
    </ClInclude>
    <ClInclude Include="DirectXGame\Engine\3D\Object\TouchableObject.h">
      <Filter>Header File\Engine\3D\Object</Filter>
    </ClInclude>
    <ClInclude Include="DirectXGame\Engine\3D\Collider\CollisionAttribute.h">
      <Filter>Header File\Engine\3D\Collider</Filter>
    </ClInclude>
    <ClInclude Include="DirectXGame\Engine\3D\Collider\QueryCallback.h">
      <Filter>Header File\Engine\3D\Collider</Filter>
    </ClInclude>
    <ClInclude Include="DirectXGame\Engine\Math\Easing.h">
      <Filter>Header File\Engine\Math</Filter>
    </ClInclude>
    <ClInclude Include="DirectXGame\Application\MyGame\Item\Item.h">
      <Filter>Header File\Application\MyGame\Item</Filter>
    </ClInclude>
    <ClInclude Include="DirectXGame\Application\MyGame\Item\ItemHeal.h">
      <Filter>Header File\Application\MyGame\Item</Filter>
    </ClInclude>
    <ClInclude Include="DirectXGame\Application\MyGame\Item\ItemAttack.h">
      <Filter>Header File\Application\MyGame\Item</Filter>
    </ClInclude>
    <ClInclude Include="DirectXGame\Application\MyGame\Enemy\EnemyBoss.h">
      <Filter>Header File\Application\MyGame\Enemy</Filter>
    </ClInclude>
    <ClInclude Include="DirectXGame\Application\MyGame\Enemy\EnemyBullet.h">
      <Filter>Header File\Application\MyGame\Enemy</Filter>
    </ClInclude>
    <ClInclude Include="DirectXGame\Application\MyGame\Enemy\BaseEnemy.h">
      <Filter>Header File\Application\MyGame\Enemy</Filter>
    </ClInclude>
    <ClInclude Include="DirectXGame\Application\MyGame\Enemy\Enemy1.h">
      <Filter>Header File\Application\MyGame\Enemy</Filter>
    </ClInclude>
    <ClInclude Include="DirectXGame\Application\Scene\StageClearScene.h">
      <Filter>Header File\Application\Scene</Filter>
    </ClInclude>
    <ClInclude Include="DirectXGame\Application\MyGame\Enemy\Factory\AbstractEnemyFactory.h">
      <Filter>Header File\Application\MyGame\Enemy\Factory</Filter>
    </ClInclude>
    <ClInclude Include="DirectXGame\Application\MyGame\Enemy\Factory\EnemyFactory.h">
      <Filter>Header File\Application\MyGame\Enemy\Factory</Filter>
    </ClInclude>
    <ClInclude Include="DirectXGame\Application\MyGame\Enemy\Enemy2.h">
      <Filter>Header File\Application\MyGame\Enemy</Filter>
    </ClInclude>
    <ClInclude Include="DirectXGame\Application\MyGame\Enemy\EnemyCore.h">
      <Filter>Header File\Application\MyGame\Enemy</Filter>
    </ClInclude>
    <ClInclude Include="DirectXGame\Application\MyGame\Gimmick\Spike.h">
      <Filter>Header File\Application\MyGame\Gimmick</Filter>
    </ClInclude>
    <ClInclude Include="DirectXGame\Application\MyGame\Gimmick\BaseGimmick.h">
      <Filter>Header File\Application\MyGame\Gimmick</Filter>
    </ClInclude>
    <ClInclude Include="DirectXGame\Application\MyGame\Gimmick\Factory\GimmickFactory.h">
      <Filter>Header File\Application\MyGame\Gimmick\Factory</Filter>
    </ClInclude>
    <ClInclude Include="DirectXGame\Application\MyGame\Gimmick\Factory\AbstractGimmickFactory.h">
      <Filter>Header File\Application\MyGame\Gimmick\Factory</Filter>
    </ClInclude>
  </ItemGroup>
</Project>